{
  "lockfileVersion": 1,
  "workspaces": {
    "": {
      "name": "@euriklis/chess",
      "dependencies": {
        "@euriklis/mathematics": "latest",
        "@euriklis/mcts": "latest",
      },
      "devDependencies": {
        "@types/bun": "latest",
        "typescript": "^5.4.3",
      },
    },
  },
  "packages": {
    "@cspotcode/source-map-support": ["@cspotcode/source-map-support@0.8.1", "", { "dependencies": { "@jridgewell/trace-mapping": "0.3.9" } }, "sha512-IchNf6dN4tHoMFIn/7OE8LWZ19Y6q/67Bmf6vnGREv8RSbBVb9LPJxEcnwrcwX6ixSvaiGoomAUvu4YSxXrVgw=="],

    "@euriklis/heterogeneous": ["@euriklis/heterogeneous@0.0.0", "https://npm.pkg.github.com/download/@euriklis/heterogeneous/0.0.0/f212082f862a240e78f5b61d10844599ca656955", { "peerDependencies": { "typescript": "^5" } }, "sha512-Pt7qg8hKuEYme46DWlP39ZcCTPigrDMQp6URYLYJ5n47DigT57/pyVMJMIBBxzhlFq6j+CQ03h3KOUzYO/CQww=="],

    "@euriklis/mathematics": ["@euriklis/mathematics@1.3.0", "https://npm.pkg.github.com/download/@euriklis/mathematics/1.3.0/36accade822cfef0bd83b2fbcf85a4679bbb5db2", { "dependencies": { "@euriklis/heterogeneous": "latest", "@euriklis/udidi": "latest", "@euriklis/validator-ts": "latest", "@types/uuid": "^9.0.8", "numericjs": "^1.2.6", "uuid": "^9.0.1" }, "peerDependencies": { "typescript": "^5.4.3" } }, "sha512-WVTrgwuaYICGjdIgBACDKupP4Ne/UReFbKUUTLPosgiHUJIIHjQn0+9H1XnH3FVLSrtQxZTEZoVXz9OkpJLTBA=="],

    "@euriklis/mcts": ["@euriklis/mcts@0.1.0", "https://npm.pkg.github.com/download/@euriklis/mcts/0.1.0/c5d2d94251d89468fdb33de5d8c8ac163b20b72a", {}, "sha512-S1lEmmHw1WvOuTEq2pDZSYFzGtkBmhcZBeWMakTiw3OhFLltUayx4Lgw/4QxxxEDzm2ljzFNOq6qS6xp50V4jQ=="],

    "@euriklis/message-ts": ["@euriklis/message-ts@3.0.0", "https://npm.pkg.github.com/download/@euriklis/message-ts/3.0.0/77bbded6856692b75b018fc13c4db84e43c3d99a", { "dependencies": { "typescript": "^5.3.3" } }, "sha512-hQHdcoSuyrA0LSznntmcKyc2Xw0gJufQol+i5Ps2tJSYAfkWXWgFkk4sTneDRf228SucnIW3wj9ARowlWB5FEQ=="],

    "@euriklis/udidi": ["@euriklis/udidi@0.7.2", "https://npm.pkg.github.com/download/@euriklis/udidi/0.7.2/4acffa290fecf965e279aba5c352067bbaac7152", { "dependencies": { "@euriklis/message-ts": "^3.0.0", "@euriklis/validator-ts": "^1.0.0" }, "peerDependencies": { "typescript": "^5.0.0" } }, "sha512-1j8UxFVIuFa+OZGCUfqkdWjavtF7g01fS3Mh0+68GKXJVNeMCTy7etRFPrHnVAt4WjJ7ITk8521t8sMBAtcFjw=="],

    "@euriklis/validator-ts": ["@euriklis/validator-ts@1.0.0", "https://npm.pkg.github.com/download/@euriklis/validator-ts/1.0.0/6c6a53e38001588b255d1d9c6562311ccceef387", { "dependencies": { "@euriklis/message-ts": "^3.0.0", "ts-node": "^10.9.2", "typescript": "^5.3.3" }, "bin": { "validator": "bin/validator-cli.ts" } }, "sha512-gaSxfju5T4lCKfbz/EQ0eJUKd18nyRlAVEP6nnCarXZXXxuGApWevWbusKjGBPbesyTwRwFSm1iUDaYAK59dOw=="],

    "@jridgewell/resolve-uri": ["@jridgewell/resolve-uri@3.1.2", "", {}, "sha512-bRISgCIjP20/tbWSPWMEi54QVPRZExkuD9lJL+UIxUKtwVJA8wW1Trb1jMs1RFXo1CBTNZ/5hpC9QvmKWdopKw=="],

    "@jridgewell/sourcemap-codec": ["@jridgewell/sourcemap-codec@1.5.5", "", {}, "sha512-cYQ9310grqxueWbl+WuIUIaiUaDcj7WOq5fVhEljNVgRfOUhY9fy2zTvfoqWsnebh8Sl70VScFbICvJnLKB0Og=="],

    "@jridgewell/trace-mapping": ["@jridgewell/trace-mapping@0.3.9", "", { "dependencies": { "@jridgewell/resolve-uri": "^3.0.3", "@jridgewell/sourcemap-codec": "^1.4.10" } }, "sha512-3Belt6tdc8bPgAtbcmdtNJlirVoTmEb5e2gC94PnkwEW9jI6CAHUeoG85tjWP5WquqfavoMtMwiG4P926ZKKuQ=="],

    "@tsconfig/node10": ["@tsconfig/node10@1.0.12", "", {}, "sha512-UCYBaeFvM11aU2y3YPZ//O5Rhj+xKyzy7mvcIoAjASbigy8mHMryP5cK7dgjlz2hWxh1g5pLw084E0a/wlUSFQ=="],

    "@tsconfig/node12": ["@tsconfig/node12@1.0.11", "", {}, "sha512-cqefuRsh12pWyGsIoBKJA9luFu3mRxCA+ORZvA4ktLSzIuCUtWVxGIuXigEwO5/ywWFMZ2QEGKWvkZG1zDMTag=="],

    "@tsconfig/node14": ["@tsconfig/node14@1.0.3", "", {}, "sha512-ysT8mhdixWK6Hw3i1V2AeRqZ5WfXg1G43mqoYlM2nc6388Fq5jcXyr5mRsqViLx/GJYdoL0bfXD8nmF+Zn/Iow=="],

    "@tsconfig/node16": ["@tsconfig/node16@1.0.4", "", {}, "sha512-vxhUy4J8lyeyinH7Azl1pdd43GJhZH/tP2weN8TntQblOY+A0XbT8DJk1/oCPuOOyg/Ja757rG0CgHcWC8OfMA=="],

    "@types/bun": ["@types/bun@1.3.14", "", { "dependencies": { "bun-types": "1.3.14" } }, "sha512-h1hFqFVcvAvD9j9K7ZW7vd82aSA+rTdznZa+5bwvCwqSB1jmmfLcbIWhOLx1/+boy/xmjgCs/OMUL8hRJSmnPw=="],

    "@types/node": ["@types/node@25.9.3", "", { "dependencies": { "undici-types": ">=7.24.0 <7.24.7" } }, "sha512-603BddQMv3pUcr4U2dhujk83N2tTDVr/34wII2B6bJy6g+8WD6yUb11jszNs0gdi4PesVWl7ABt8nYMVpnLUcg=="],

    "@types/uuid": ["@types/uuid@9.0.8", "", {}, "sha512-jg+97EGIcY9AGHJJRaaPVgetKDsrTgbRjQ5Msgjh/DQKEFl0DtyRr/VCOyD1T2R1MNeWPK/u7JoGhlDZnKBAfA=="],

    "acorn": ["acorn@8.17.0", "", { "bin": { "acorn": "bin/acorn" } }, "sha512-xRQbDb9BnwDafYNn6Vwl839DYVjqXYb1XVGtWAZ1kcDc6iwAL4hg3B1dZlRiuENFeO2H53gFG3in621AdERVAg=="],

    "acorn-walk": ["acorn-walk@8.3.5", "", { "dependencies": { "acorn": "^8.11.0" } }, "sha512-HEHNfbars9v4pgpW6SO1KSPkfoS0xVOM/9UzkJltjlsHZmJasxg8aXkuZa7SMf8vKGIBhpUsPluQSqhJFCqebw=="],

    "arg": ["arg@4.1.3", "", {}, "sha512-58S9QDqG0Xx27YwPSt9fJxivjYl432YCwfDMfZ+71RAqUrZef7LrKQZ3LHLOwCS4FLNBplP533Zx895SeOCHvA=="],

    "bun-types": ["bun-types@1.3.14", "", { "dependencies": { "@types/node": "*" } }, "sha512-4N0ig0fEomHt5R0KCFWjovxow98rIoRwKolrYdCcknNwMekCXRnWEUvgu5soYV8QXtVsrUD8B95MBOZGPvr6KQ=="],

    "create-require": ["create-require@1.1.1", "", {}, "sha512-dcKFX3jn0MpIaXjisoRvexIJVEKzaq7z2rZKxf+MSr9TkdmHmsU4m2lcLojrj/FHl8mk5VxMmYA+ftRkP/3oKQ=="],

    "diff": ["diff@4.0.4", "", {}, "sha512-X07nttJQkwkfKfvTPG/KSnE2OMdcUCao6+eXF3wmnIQRn2aPAHH3VxDbDOdegkd6JbPsXqShpvEOHfAT+nCNwQ=="],

    "make-error": ["make-error@1.3.6", "", {}, "sha512-s8UhlNe7vPKomQhC1qFelMokr/Sc3AgNbso3n74mVPA5LTZwkB9NlXf4XPamLxJE8h0gh73rM94xvwRT2CVInw=="],

    "numericjs": ["numericjs@1.2.6", "", {}, "sha512-AbumaZGCaoXy0Fn231zqrFbQ1b6yUX5WD2Ve5jvD1hJbIYaCKFsG7XPFz5M8+O5rqdxI6Ms5+TQL8ZeSdN5FdA=="],

    "ts-node": ["ts-node@10.9.2", "", { "dependencies": { "@cspotcode/source-map-support": "^0.8.0", "@tsconfig/node10": "^1.0.7", "@tsconfig/node12": "^1.0.7", "@tsconfig/node14": "^1.0.0", "@tsconfig/node16": "^1.0.2", "acorn": "^8.4.1", "acorn-walk": "^8.1.1", "arg": "^4.1.0", "create-require": "^1.1.0", "diff": "^4.0.1", "make-error": "^1.1.1", "v8-compile-cache-lib": "^3.0.1", "yn": "3.1.1" }, "peerDependencies": { "@swc/core": ">=1.2.50", "@swc/wasm": ">=1.2.50", "@types/node": "*", "typescript": ">=2.7" }, "optionalPeers": ["@swc/core", "@swc/wasm"], "bin": { "ts-node": "dist/bin.js", "ts-script": "dist/bin-script-deprecated.js", "ts-node-cwd": "dist/bin-cwd.js", "ts-node-esm": "dist/bin-esm.js", "ts-node-script": "dist/bin-script.js", "ts-node-transpile-only": "dist/bin-transpile.js" } }, "sha512-f0FFpIdcHgn8zcPSbf1dRevwt047YMnaiJM3u2w2RewrB+fob/zePZcrOyQoLMMO7aBIddLcQIEK5dYjkLnGrQ=="],

    "typescript": ["typescript@5.9.3", "", { "bin": { "tsc": "bin/tsc", "tsserver": "bin/tsserver" } }, "sha512-jl1vZzPDinLr9eUt3J/t7V6FgNEw9QjvBPdysz9KfQDD41fQrC2Y4vKQdiaUpFT4bXlb1RHhLpp8wtm6M5TgSw=="],

    "undici-types": ["undici-types@7.24.6", "", {}, "sha512-WRNW+sJgj5OBN4/0JpHFqtqzhpbnV0GuB+OozA9gCL7a993SmU+1JBZCzLNxYsbMfIeDL+lTsphD5jN5N+n0zg=="],

    "uuid": ["uuid@9.0.1", "", { "bin": { "uuid": "dist/bin/uuid" } }, "sha512-b+1eJOlsR9K8HJpow9Ok3fiWOWSIcIzXodvv0rQjVoOVNpWMpxf1wZNpt4y9h10odCNrqnYp1OBzRktckBe3sA=="],

    "v8-compile-cache-lib": ["v8-compile-cache-lib@3.0.1", "", {}, "sha512-wa7YjyUGfNZngI/vtK0UHAN+lgDCxBPCylVXGp0zu59Fz5aiGtNXaq3DhIov063MorB+VfufLh3JlF2KdTK3xg=="],

    "yn": ["yn@3.1.1", "", {}, "sha512-Ux4ygGWsu2c7isFWe8Yu1YluJmqVhxqK2cLXNQA5AcC3QfbGNpM7fu0Y8b/z16pXLnFxZYvWhd3fhBY9DLmC6Q=="],
  }
}
